
Microsoft Visual Studio Solution File, Format Version 12.00
# Visual Studio Version 17
VisualStudioVersion = 17.12.35707.178 d17.12
MinimumVisualStudioVersion = 10.0.40219.1
Project("{FAE04EC0-301F-11D3-BF4B-00C04F79EFBC}") = "AvaloniaApplication1", "AvaloniaApplication1.csproj", "{D6D813FC-CF39-44FF-B41D-8F02EC62AEE4}"
EndProject
Project("{FAE04EC0-301F-11D3-BF4B-00C04F79EFBC}") = "AvaloniaApplication1.Browser", "..\AvaloniaApplication1.Browser\AvaloniaApplication1.Browser.csproj", "{38048B33-4AD9-46C1-A0EC-342223BAD288}"
EndProject
Project("{FAE04EC0-301F-11D3-BF4B-00C04F79EFBC}") = "AvaloniaApplication1.Desktop", "..\AvaloniaApplication1.Desktop\AvaloniaApplication1.Desktop.csproj", "{89F043B8-D951-4708-AF52-14E0B6CFD9BA}"
EndProject
Global
	GlobalSection(SolutionConfigurationPlatforms) = preSolution
		Debug|Any CPU = Debug|Any CPU
		Release|Any CPU = Release|Any CPU
	EndGlobalSection
	GlobalSection(ProjectConfigurationPlatforms) = postSolution
		{D6D813FC-CF39-44FF-B41D-8F02EC62AEE4}.Debug|Any CPU.ActiveCfg = Debug|Any CPU
		{D6D813FC-CF39-44FF-B41D-8F02EC62AEE4}.Debug|Any CPU.Build.0 = Debug|Any CPU
		{D6D813FC-CF39-44FF-B41D-8F02EC62AEE4}.Release|Any CPU.ActiveCfg = Release|Any CPU
		{D6D813FC-CF39-44FF-B41D-8F02EC62AEE4}.Release|Any CPU.Build.0 = Release|Any CPU
		{38048B33-4AD9-46C1-A0EC-342223BAD288}.Debug|Any CPU.ActiveCfg = Debug|Any CPU
		{38048B33-4AD9-46C1-A0EC-342223BAD288}.Debug|Any CPU.Build.0 = Debug|Any CPU
		{38048B33-4AD9-46C1-A0EC-342223BAD288}.Release|Any CPU.ActiveCfg = Release|Any CPU
		{38048B33-4AD9-46C1-A0EC-342223BAD288}.Release|Any CPU.Build.0 = Release|Any CPU
		{89F043B8-D951-4708-AF52-14E0B6CFD9BA}.Debug|Any CPU.ActiveCfg = Debug|Any CPU
		{89F043B8-D951-4708-AF52-14E0B6CFD9BA}.Debug|Any CPU.Build.0 = Debug|Any CPU
		{89F043B8-D951-4708-AF52-14E0B6CFD9BA}.Release|Any CPU.ActiveCfg = Release|Any CPU
		{89F043B8-D951-4708-AF52-14E0B6CFD9BA}.Release|Any CPU.Build.0 = Release|Any CPU
	EndGlobalSection
	GlobalSection(SolutionProperties) = preSolution
		HideSolutionNode = FALSE
	EndGlobalSection
EndGlobal
